
Microsoft Visual Studio Solution File, Format Version 12.00
# Visual Studio 2015
Project("{FAE04EC0-301F-11D3-BF4B-00C04F79EFBC}") = "exampleProject.CSharp", "exampleProject.CSharp.csproj", "{10D19694-4577-944A-285E-C915A7E5921A}"
EndProject
Project("{FAE04EC0-301F-11D3-BF4B-00C04F79EFBC}") = "exampleProject.CSharp.Editor", "exampleProject.CSharp.Editor.csproj", "{7691724D-1305-70CF-393A-E980D13E6592}"
EndProject
Global
	GlobalSection(SolutionConfigurationPlatforms) = preSolution
		Debug|Any CPU = Debug|Any CPU
		Release|Any CPU = Release|Any CPU
	EndGlobalSection
	GlobalSection(ProjectConfigurationPlatforms) = postSolution
		{10D19694-4577-944A-285E-C915A7E5921A}.Debug|Any CPU.ActiveCfg = Debug|Any CPU
		{10D19694-4577-944A-285E-C915A7E5921A}.Debug|Any CPU.Build.0 = Debug|Any CPU
		{10D19694-4577-944A-285E-C915A7E5921A}.Release|Any CPU.ActiveCfg = Release|Any CPU
		{10D19694-4577-944A-285E-C915A7E5921A}.Release|Any CPU.Build.0 = Release|Any CPU
		{7691724D-1305-70CF-393A-E980D13E6592}.Debug|Any CPU.ActiveCfg = Debug|Any CPU
		{7691724D-1305-70CF-393A-E980D13E6592}.Debug|Any CPU.Build.0 = Debug|Any CPU
		{7691724D-1305-70CF-393A-E980D13E6592}.Release|Any CPU.ActiveCfg = Release|Any CPU
		{7691724D-1305-70CF-393A-E980D13E6592}.Release|Any CPU.Build.0 = Release|Any CPU
	EndGlobalSection
	GlobalSection(SolutionProperties) = preSolution
		HideSolutionNode = FALSE
	EndGlobalSection
EndGlobal
